// !$*UTF8*$!
{
	archiveVersion = 1;
	classes = {
	};
	objectVersion = 48;
	objects = {

/* Begin PBXBuildFile section */
		C03B65001FD685CC00D93CAA /* AppDelegate.swift in Sources */ = {isa = PBXBuildFile; fileRef = C03B64FF1FD685CC00D93CAA /* AppDelegate.swift */; };
		C03B65021FD685CC00D93CAA /* ViewController.swift in Sources */ = {isa = PBXBuildFile; fileRef = C03B65011FD685CC00D93CAA /* ViewController.swift */; };
		C03B65051FD685CC00D93CAA /* Main.storyboard in Resources */ = {isa = PBXBuildFile; fileRef = C03B65031FD685CC00D93CAA /* Main.storyboard */; };
		C03B65071FD685CC00D93CAA /* Assets.xcassets in Resources */ = {isa = PBXBuildFile; fileRef = C03B65061FD685CC00D93CAA /* Assets.xcassets */; };
		C03B650A1FD685CC00D93CAA /* LaunchScreen.storyboard in Resources */ = {isa = PBXBuildFile; fileRef = C03B65081FD685CC00D93CAA /* LaunchScreen.storyboard */; };
		C03B65151FD685CD00D93CAA /* PieceStoreDemoTests.swift in Sources */ = {isa = PBXBuildFile; fileRef = C03B65141FD685CD00D93CAA /* PieceStoreDemoTests.swift */; };
		C03B65221FD6871600D93CAA /* CodingSupport.swift in Sources */ = {isa = PBXBuildFile; fileRef = C03B65201FD6871600D93CAA /* CodingSupport.swift */; };
		C03B65231FD6871600D93CAA /* PieceStore.swift in Sources */ = {isa = PBXBuildFile; fileRef = C03B65211FD6871600D93CAA /* PieceStore.swift */; };
/* End PBXBuildFile section */

/* Begin PBXContainerItemProxy section */
		C03B65111FD685CD00D93CAA /* PBXContainerItemProxy */ = {
			isa = PBXContainerItemProxy;
			containerPortal = C03B64F41FD685CC00D93CAA /* Project object */;
			proxyType = 1;
			remoteGlobalIDString = C03B64FB1FD685CC00D93CAA;
			remoteInfo = PieceStoreDemo;
		};
/* End PBXContainerItemProxy section */

/* Begin PBXFileReference section */
		C03B64FC1FD685CC00D93CAA /* PieceStoreDemo.app */ = {isa = PBXFileReference; explicitFileType = wrapper.application; includeInIndex = 0; path = PieceStoreDemo.app; sourceTree = BUILT_PRODUCTS_DIR; };
		C03B64FF1FD685CC00D93CAA /* AppDelegate.swift */ = {isa = PBXFileReference; lastKnownFileType = sourcecode.swift; path = AppDelegate.swift; sourceTree = "<group>"; };
		C03B65011FD685CC00D93CAA /* ViewController.swift */ = {isa = PBXFileReference; lastKnownFileType = sourcecode.swift; path = ViewController.swift; sourceTree = "<group>"; };
		C03B65041FD685CC00D93CAA /* Base */ = {isa = PBXFileReference; lastKnownFileType = file.storyboard; name = Base; path = Base.lproj/Main.storyboard; sourceTree = "<group>"; };
		C03B65061FD685CC00D93CAA /* Assets.xcassets */ = {isa = PBXFileReference; lastKnownFileType = folder.assetcatalog; path = Assets.xcassets; sourceTree = "<group>"; };
		C03B65091FD685CC00D93CAA /* Base */ = {isa = PBXFileReference; lastKnownFileType = file.storyboard; name = Base; path = Base.lproj/LaunchScreen.storyboard; sourceTree = "<group>"; };
		C03B650B1FD685CC00D93CAA /* Info.plist */ = {isa = PBXFileReference; lastKnownFileType = text.plist.xml; path = Info.plist; sourceTree = "<group>"; };
		C03B65101FD685CD00D93CAA /* PieceStoreDemoTests.xctest */ = {isa = PBXFileReference; explicitFileType = wrapper.cfbundle; includeInIndex = 0; path = PieceStoreDemoTests.xctest; sourceTree = BUILT_PRODUCTS_DIR; };
		C03B65141FD685CD00D93CAA /* PieceStoreDemoTests.swift */ = {isa = PBXFileReference; lastKnownFileType = sourcecode.swift; path = PieceStoreDemoTests.swift; sourceTree = "<group>"; };
		C03B65161FD685CD00D93CAA /* Info.plist */ = {isa = PBXFileReference; lastKnownFileType = text.plist.xml; path = Info.plist; sourceTree = "<group>"; };
		C03B65201FD6871600D93CAA /* CodingSupport.swift */ = {isa = PBXFileReference; fileEncoding = 4; lastKnownFileType = sourcecode.swift; path = CodingSupport.swift; sourceTree = "<group>"; };
		C03B65211FD6871600D93CAA /* PieceStore.swift */ = {isa = PBXFileReference; fileEncoding = 4; lastKnownFileType = sourcecode.swift; path = PieceStore.swift; sourceTree = "<group>"; };
/* End PBXFileReference section */

/* Begin PBXFrameworksBuildPhase section */
		C03B64F91FD685CC00D93CAA /* Frameworks */ = {
			isa = PBXFrameworksBuildPhase;
			buildActionMask = 2147483647;
			files = (
			);
			runOnlyForDeploymentPostprocessing = 0;
		};
		C03B650D1FD685CD00D93CAA /* Frameworks */ = {
			isa = PBXFrameworksBuildPhase;
			buildActionMask = 2147483647;
			files = (
			);
			runOnlyForDeploymentPostprocessing = 0;
		};
/* End PBXFrameworksBuildPhase section */

/* Begin PBXGroup section */
		C03B64F31FD685CC00D93CAA = {
			isa = PBXGroup;
			children = (
				C03B64FE1FD685CC00D93CAA /* PieceStoreDemo */,
				C03B65131FD685CD00D93CAA /* PieceStoreDemoTests */,
				C03B64FD1FD685CC00D93CAA /* Products */,
			);
			sourceTree = "<group>";
		};
		C03B64FD1FD685CC00D93CAA /* Products */ = {
			isa = PBXGroup;
			children = (
				C03B64FC1FD685CC00D93CAA /* PieceStoreDemo.app */,
				C03B65101FD685CD00D93CAA /* PieceStoreDemoTests.xctest */,
			);
			name = Products;
			sourceTree = "<group>";
		};
		C03B64FE1FD685CC00D93CAA /* PieceStoreDemo */ = {
			isa = PBXGroup;
			children = (
				C03B651F1FD6871600D93CAA /* PieceStore */,
				C03B64FF1FD685CC00D93CAA /* AppDelegate.swift */,
				C03B65011FD685CC00D93CAA /* ViewController.swift */,
				C03B65031FD685CC00D93CAA /* Main.storyboard */,
				C03B65061FD685CC00D93CAA /* Assets.xcassets */,
				C03B65081FD685CC00D93CAA /* LaunchScreen.storyboard */,
				C03B650B1FD685CC00D93CAA /* Info.plist */,
			);
			path = PieceStoreDemo;
			sourceTree = "<group>";
		};
		C03B65131FD685CD00D93CAA /* PieceStoreDemoTests */ = {
			isa = PBXGroup;
			children = (
				C03B65141FD685CD00D93CAA /* PieceStoreDemoTests.swift */,
				C03B65161FD685CD00D93CAA /* Info.plist */,
			);
			path = PieceStoreDemoTests;
			sourceTree = "<group>";
		};
		C03B651F1FD6871600D93CAA /* PieceStore */ = {
			isa = PBXGroup;
			children = (
				C03B65201FD6871600D93CAA /* CodingSupport.swift */,
				C03B65211FD6871600D93CAA /* PieceStore.swift */,
			);
			path = PieceStore;
			sourceTree = SOURCE_ROOT;
		};
/* End PBXGroup section */

/* Begin PBXNativeTarget section */
		C03B64FB1FD685CC00D93CAA /* PieceStoreDemo */ = {
			isa = PBXNativeTarget;
			buildConfigurationList = C03B65191FD685CD00D93CAA /* Build configuration list for PBXNativeTarget "PieceStoreDemo" */;
			buildPhases = (
				C03B64F81FD685CC00D93CAA /* Sources */,
				C03B64F91FD685CC00D93CAA /* Frameworks */,
				C03B64FA1FD685CC00D93CAA /* Resources */,
			);
			buildRules = (
			);
			dependencies = (
			);
			name = PieceStoreDemo;
			productName = PieceStoreDemo;
			productReference = C03B64FC1FD685CC00D93CAA /* PieceStoreDemo.app */;
			productType = "com.apple.product-type.application";
		};
		C03B650F1FD685CD00D93CAA /* PieceStoreDemoTests */ = {
			isa = PBXNativeTarget;
			buildConfigurationList = C03B651C1FD685CD00D93CAA /* Build configuration list for PBXNativeTarget "PieceStoreDemoTests" */;
			buildPhases = (
				C03B650C1FD685CD00D93CAA /* Sources */,
				C03B650D1FD685CD00D93CAA /* Frameworks */,
				C03B650E1FD685CD00D93CAA /* Resources */,
			);
			buildRules = (
			);
			dependencies = (
				C03B65121FD685CD00D93CAA /* PBXTargetDependency */,
			);
			name = PieceStoreDemoTests;
			productName = PieceStoreDemoTests;
			productReference = C03B65101FD685CD00D93CAA /* PieceStoreDemoTests.xctest */;
			productType = "com.apple.product-type.bundle.unit-test";
		};
/* End PBXNativeTarget section */

/* Begin PBXProject section */
		C03B64F41FD685CC00D93CAA /* Project object */ = {
			isa = PBXProject;
			attributes = {
				LastSwiftUpdateCheck = 0910;
				LastUpgradeCheck = 0910;
				ORGANIZATIONNAME = Zero;
				TargetAttributes = {
					C03B64FB1FD685CC00D93CAA = {
						CreatedOnToolsVersion = 9.1;
						ProvisioningStyle = Automatic;
					};
					C03B650F1FD685CD00D93CAA = {
						CreatedOnToolsVersion = 9.1;
						ProvisioningStyle = Automatic;
						TestTargetID = C03B64FB1FD685CC00D93CAA;
					};
				};
			};
			buildConfigurationList = C03B64F71FD685CC00D93CAA /* Build configuration list for PBXProject "PieceStoreDemo" */;
			compatibilityVersion = "Xcode 8.0";
			developmentRegion = en;
			hasScannedForEncodings = 0;
			knownRegions = (
				en,
				Base,
			);
			mainGroup = C03B64F31FD685CC00D93CAA;
			productRefGroup = C03B64FD1FD685CC00D93CAA /* Products */;
			projectDirPath = "";
			projectRoot = "";
			targets = (
				C03B64FB1FD685CC00D93CAA /* PieceStoreDemo */,
				C03B650F1FD685CD00D93CAA /* PieceStoreDemoTests */,
			);
		};
/* End PBXProject section */

/* Begin PBXResourcesBuildPhase section */
		C03B64FA1FD685CC00D93CAA /* Resources */ = {
			isa = PBXResourcesBuildPhase;
			buildActionMask = 2147483647;
			files = (
				C03B650A1FD685CC00D93CAA /* LaunchScreen.storyboard in Resources */,
				C03B65071FD685CC00D93CAA /* Assets.xcassets in Resources */,
				C03B65051FD685CC00D93CAA /* Main.storyboard in Resources */,
			);
			runOnlyForDeploymentPostprocessing = 0;
		};
		C03B650E1FD685CD00D93CAA /* Resources */ = {
			isa = PBXResourcesBuildPhase;
			buildActionMask = 2147483647;
			files = (
			);
			runOnlyForDeploymentPostprocessing = 0;
		};
/* End PBXResourcesBuildPhase section */

/* Begin PBXSourcesBuildPhase section */
		C03B64F81FD685CC00D93CAA /* Sources */ = {
			isa = PBXSourcesBuildPhase;
			buildActionMask = 2147483647;
			files = (
				C03B65021FD685CC00D93CAA /* ViewController.swift in Sources */,
				C03B65221FD6871600D93CAA /* CodingSupport.swift in Sources */,
				C03B65231FD6871600D93CAA /* PieceStore.swift in Sources */,
				C03B65001FD685CC00D93CAA /* AppDelegate.swift in Sources */,
			);
			runOnlyForDeploymentPostprocessing = 0;
		};
		C03B650C1FD685CD00D93CAA /* Sources */ = {
			isa = PBXSourcesBuildPhase;
			buildActionMask = 2147483647;
			files = (
				C03B65151FD685CD00D93CAA /* PieceStoreDemoTests.swift in Sources */,
			);
			runOnlyForDeploymentPostprocessing = 0;
		};
/* End PBXSourcesBuildPhase section */

/* Begin PBXTargetDependency section */
		C03B65121FD685CD00D93CAA /* PBXTargetDependency */ = {
			isa = PBXTargetDependency;
			target = C03B64FB1FD685CC00D93CAA /* PieceStoreDemo */;
			targetProxy = C03B65111FD685CD00D93CAA /* PBXContainerItemProxy */;
		};
/* End PBXTargetDependency section */

/* Begin PBXVariantGroup section */
		C03B65031FD685CC00D93CAA /* Main.storyboard */ = {
			isa = PBXVariantGroup;
			children = (
				C03B65041FD685CC00D93CAA /* Base */,
			);
			name = Main.storyboard;
			sourceTree = "<group>";
		};
		C03B65081FD685CC00D93CAA /* LaunchScreen.storyboard */ = {
			isa = PBXVariantGroup;
			children = (
				C03B65091FD685CC00D93CAA /* Base */,
			);
			name = LaunchScreen.storyboard;
			sourceTree = "<group>";
		};
/* End PBXVariantGroup section */

/* Begin XCBuildConfiguration section */
		C03B65171FD685CD00D93CAA /* Debug */ = {
			isa = XCBuildConfiguration;
			buildSettings = {
				ALWAYS_SEARCH_USER_PATHS = NO;
				CLANG_ANALYZER_NONNULL = YES;
				CLANG_ANALYZER_NUMBER_OBJECT_CONVERSION = YES_AGGRESSIVE;
				CLANG_CXX_LANGUAGE_STANDARD = "gnu++14";
				CLANG_CXX_LIBRARY = "libc++";
				CLANG_ENABLE_MODULES = YES;
				CLANG_ENABLE_OBJC_ARC = YES;
				CLANG_WARN_BLOCK_CAPTURE_AUTORELEASING = YES;
				CLANG_WARN_BOOL_CONVERSION = YES;
				CLANG_WARN_COMMA = YES;
				CLANG_WARN_CONSTANT_CONVERSION = YES;
				CLANG_WARN_DIRECT_OBJC_ISA_USAGE = YES_ERROR;
				CLANG_WARN_DOCUMENTATION_COMMENTS = YES;
				CLANG_WARN_EMPTY_BODY = YES;
				CLANG_WARN_ENUM_CONVERSION = YES;
				CLANG_WARN_INFINITE_RECURSION = YES;
				CLANG_WARN_INT_CONVERSION = YES;
				CLANG_WARN_NON_LITERAL_NULL_CONVERSION = YES;
				CLANG_WARN_OBJC_LITERAL_CONVERSION = YES;
				CLANG_WARN_OBJC_ROOT_CLASS = YES_ERROR;
				CLANG_WARN_RANGE_LOOP_ANALYSIS = YES;
				CLANG_WARN_STRICT_PROTOTYPES = YES;
				CLANG_WARN_SUSPICIOUS_MOVE = YES;
				CLANG_WARN_UNGUARDED_AVAILABILITY = YES_AGGRESSIVE;
				CLANG_WARN_UNREACHABLE_CODE = YES;
				CLANG_WARN__DUPLICATE_METHOD_MATCH = YES;
				CODE_SIGN_IDENTITY = "iPhone Developer";
				COPY_PHASE_STRIP = NO;
				DEBUG_INFORMATION_FORMAT = dwarf;
				ENABLE_STRICT_OBJC_MSGSEND = YES;
				ENABLE_TESTABILITY = YES;
				GCC_C_LANGUAGE_STANDARD = gnu11;
				GCC_DYNAMIC_NO_PIC = NO;
				GCC_NO_COMMON_BLOCKS = YES;
				GCC_OPTIMIZATION_LEVEL = 0;
				GCC_PREPROCESSOR_DEFINITIONS = (
					"DEBUG=1",
					"$(inherited)",
				);
				GCC_WARN_64_TO_32_BIT_CONVERSION = YES;
				GCC_WARN_ABOUT_RETURN_TYPE = YES_ERROR;
				GCC_WARN_UNDECLARED_SELECTOR = YES;
				GCC_WARN_UNINITIALIZED_AUTOS = YES_AGGRESSIVE;
				GCC_WARN_UNUSED_FUNCTION = YES;
				GCC_WARN_UNUSED_VARIABLE = YES;
				IPHONEOS_DEPLOYMENT_TARGET = 10.0;
				MTL_ENABLE_DEBUG_INFO = YES;
				ONLY_ACTIVE_ARCH = YES;
				SDKROOT = iphoneos;
				SWIFT_ACTIVE_COMPILATION_CONDITIONS = DEBUG;
				SWIFT_OPTIMIZATION_LEVEL = "-Onone";
			};
			name = Debug;
		};
		C03B65181FD685CD00D93CAA /* Release */ = {
			isa = XCBuildConfiguration;
			buildSettings = {
				ALWAYS_SEARCH_USER_PATHS = NO;
				CLANG_ANALYZER_NONNULL = YES;
				CLANG_ANALYZER_NUMBER_OBJECT_CONVERSION = YES_AGGRESSIVE;
				CLANG_CXX_LANGUAGE_STANDARD = "gnu++14";
				CLANG_CXX_LIBRARY = "libc++";
				CLANG_ENABLE_MODULES = YES;
				CLANG_ENABLE_OBJC_ARC = YES;
				CLANG_WARN_BLOCK_CAPTURE_AUTORELEASING = YES;
				CLANG_WARN_BOOL_CONVERSION = YES;
				CLANG_WARN_COMMA = YES;
				CLANG_WARN_CONSTANT_CONVERSION = YES;
				CLANG_WARN_DIRECT_OBJC_ISA_USAGE = YES_ERROR;
				CLANG_WARN_DOCUMENTATION_COMMENTS = YES;
				CLANG_WARN_EMPTY_BODY = YES;
				CLANG_WARN_ENUM_CONVERSION = YES;
				CLANG_WARN_INFINITE_RECURSION = YES;
				CLANG_WARN_INT_CONVERSION = YES;
				CLANG_WARN_NON_LITERAL_NULL_CONVERSION = YES;
				CLANG_WARN_OBJC_LITERAL_CONVERSION = YES;
				CLANG_WARN_OBJC_ROOT_CLASS = YES_ERROR;
				CLANG_WARN_RANGE_LOOP_ANALYSIS = YES;
				CLANG_WARN_STRICT_PROTOTYPES = YES;
				CLANG_WARN_SUSPICIOUS_MOVE = YES;
				CLANG_WARN_UNGUARDED_AVAILABILITY = YES_AGGRESSIVE;
				CLANG_WARN_UNREACHABLE_CODE = YES;
				CLANG_WARN__DUPLICATE_METHOD_MATCH = YES;
				CODE_SIGN_IDENTITY = "iPhone Developer";
				COPY_PHASE_STRIP = NO;
				DEBUG_INFORMATION_FORMAT = "dwarf-with-dsym";
				ENABLE_NS_ASSERTIONS = NO;
				ENABLE_STRICT_OBJC_MSGSEND = YES;
				GCC_C_LANGUAGE_STANDARD = gnu11;
				GCC_NO_COMMON_BLOCKS = YES;
				GCC_WARN_64_TO_32_BIT_CONVERSION = YES;
				GCC_WARN_ABOUT_RETURN_TYPE = YES_ERROR;
				GCC_WARN_UNDECLARED_SELECTOR = YES;
				GCC_WARN_UNINITIALIZED_AUTOS = YES_AGGRESSIVE;
				GCC_WARN_UNUSED_FUNCTION = YES;
				GCC_WARN_UNUSED_VARIABLE = YES;
				IPHONEOS_DEPLOYMENT_TARGET = 10.0;
				MTL_ENABLE_DEBUG_INFO = NO;
				SDKROOT = iphoneos;
				SWIFT_OPTIMIZATION_LEVEL = "-Owholemodule";
				VALIDATE_PRODUCT = YES;
			};
			name = Release;
		};
		C03B651A1FD685CD00D93CAA /* Debug */ = {
			isa = XCBuildConfiguration;
			buildSettings = {
				ASSETCATALOG_COMPILER_APPICON_NAME = AppIcon;
				CODE_SIGN_STYLE = Automatic;
				INFOPLIST_FILE = PieceStoreDemo/Info.plist;
				IPHONEOS_DEPLOYMENT_TARGET = 10.0;
				LD_RUNPATH_SEARCH_PATHS = "$(inherited) @executable_path/Frameworks";
				PRODUCT_BUNDLE_IDENTIFIER = com.zero.PieceStoreDemo;
				PRODUCT_NAME = "$(TARGET_NAME)";
				SWIFT_VERSION = 4.0;
				TARGETED_DEVICE_FAMILY = "1,2";
			};
			name = Debug;
		};
		C03B651B1FD685CD00D93CAA /* Release */ = {
			isa = XCBuildConfiguration;
			buildSettings = {
				ASSETCATALOG_COMPILER_APPICON_NAME = AppIcon;
				CODE_SIGN_STYLE = Automatic;
				INFOPLIST_FILE = PieceStoreDemo/Info.plist;
				IPHONEOS_DEPLOYMENT_TARGET = 10.0;
				LD_RUNPATH_SEARCH_PATHS = "$(inherited) @executable_path/Frameworks";
				PRODUCT_BUNDLE_IDENTIFIER = com.zero.PieceStoreDemo;
				PRODUCT_NAME = "$(TARGET_NAME)";
				SWIFT_VERSION = 4.0;
				TARGETED_DEVICE_FAMILY = "1,2";
			};
			name = Release;
		};
		C03B651D1FD685CD00D93CAA /* Debug */ = {
			isa = XCBuildConfiguration;
			buildSettings = {
				ALWAYS_EMBED_SWIFT_STANDARD_LIBRARIES = YES;
				BUNDLE_LOADER = "$(TEST_HOST)";
				CODE_SIGN_STYLE = Automatic;
				INFOPLIST_FILE = PieceStoreDemoTests/Info.plist;
				LD_RUNPATH_SEARCH_PATHS = "$(inherited) @executable_path/Frameworks @loader_path/Frameworks";
				PRODUCT_BUNDLE_IDENTIFIER = com.zero.PieceStoreDemoTests;
				PRODUCT_NAME = "$(TARGET_NAME)";
				SWIFT_VERSION = 4.0;
				TARGETED_DEVICE_FAMILY = "1,2";
				TEST_HOST = "$(BUILT_PRODUCTS_DIR)/PieceStoreDemo.app/PieceStoreDemo";
			};
			name = Debug;
		};
		C03B651E1FD685CD00D93CAA /* Release */ = {
			isa = XCBuildConfiguration;
			buildSettings = {
				ALWAYS_EMBED_SWIFT_STANDARD_LIBRARIES = YES;
				BUNDLE_LOADER = "$(TEST_HOST)";
				CODE_SIGN_STYLE = Automatic;
				INFOPLIST_FILE = PieceStoreDemoTests/Info.plist;
				LD_RUNPATH_SEARCH_PATHS = "$(inherited) @executable_path/Frameworks @loader_path/Frameworks";
				PRODUCT_BUNDLE_IDENTIFIER = com.zero.PieceStoreDemoTests;
				PRODUCT_NAME = "$(TARGET_NAME)";
				SWIFT_VERSION = 4.0;
				TARGETED_DEVICE_FAMILY = "1,2";
				TEST_HOST = "$(BUILT_PRODUCTS_DIR)/PieceStoreDemo.app/PieceStoreDemo";
			};
			name = Release;
		};
/* End XCBuildConfiguration section */

/* Begin XCConfigurationList section */
		C03B64F71FD685CC00D93CAA /* Build configuration list for PBXProject "PieceStoreDemo" */ = {
			isa = XCConfigurationList;
			buildConfigurations = (
				C03B65171FD685CD00D93CAA /* Debug */,
				C03B65181FD685CD00D93CAA /* Release */,
			);
			defaultConfigurationIsVisible = 0;
			defaultConfigurationName = Release;
		};
		C03B65191FD685CD00D93CAA /* Build configuration list for PBXNativeTarget "PieceStoreDemo" */ = {
			isa = XCConfigurationList;
			buildConfigurations = (
				C03B651A1FD685CD00D93CAA /* Debug */,
				C03B651B1FD685CD00D93CAA /* Release */,
			);
			defaultConfigurationIsVisible = 0;
			defaultConfigurationName = Release;
		};
		C03B651C1FD685CD00D93CAA /* Build configuration list for PBXNativeTarget "PieceStoreDemoTests" */ = {
			isa = XCConfigurationList;
			buildConfigurations = (
				C03B651D1FD685CD00D93CAA /* Debug */,
				C03B651E1FD685CD00D93CAA /* Release */,
			);
			defaultConfigurationIsVisible = 0;
			defaultConfigurationName = Release;
		};
/* End XCConfigurationList section */
	};
	rootObject = C03B64F41FD685CC00D93CAA /* Project object */;
}
